// !$*UTF8*$!
{
	archiveVersion = 1;
	classes = {
	};
	objectVersion = 46;
	objects = {

/* Begin PBXBuildFile section */
		50A98D4F1DAB71A3006DDC79 /* AppDelegate.swift in Sources */ = {isa = PBXBuildFile; fileRef = 50A98D4E1DAB71A3006DDC79 /* AppDelegate.swift */; };
		50A98D511DAB71A3006DDC79 /* ViewController.swift in Sources */ = {isa = PBXBuildFile; fileRef = 50A98D501DAB71A3006DDC79 /* ViewController.swift */; };
		50A98D541DAB71A4006DDC79 /* Main.storyboard in Resources */ = {isa = PBXBuildFile; fileRef = 50A98D521DAB71A4006DDC79 /* Main.storyboard */; };
		50A98D571DAB71A4006DDC79 /* GitDemo.xcdatamodeld in Sources */ = {isa = PBXBuildFile; fileRef = 50A98D551DAB71A4006DDC79 /* GitDemo.xcdatamodeld */; };
		50A98D591DAB71A4006DDC79 /* Assets.xcassets in Resources */ = {isa = PBXBuildFile; fileRef = 50A98D581DAB71A4006DDC79 /* Assets.xcassets */; };
		50A98D5C1DAB71A4006DDC79 /* LaunchScreen.storyboard in Resources */ = {isa = PBXBuildFile; fileRef = 50A98D5A1DAB71A4006DDC79 /* LaunchScreen.storyboard */; };
		50A98D671DAB71A4006DDC79 /* GitDemoTests.swift in Sources */ = {isa = PBXBuildFile; fileRef = 50A98D661DAB71A4006DDC79 /* GitDemoTests.swift */; };
		50A98D721DAB71A4006DDC79 /* GitDemoUITests.swift in Sources */ = {isa = PBXBuildFile; fileRef = 50A98D711DAB71A4006DDC79 /* GitDemoUITests.swift */; };
/* End PBXBuildFile section */

/* Begin PBXContainerItemProxy section */
		50A98D631DAB71A4006DDC79 /* PBXContainerItemProxy */ = {
			isa = PBXContainerItemProxy;
			containerPortal = 50A98D431DAB71A3006DDC79 /* Project object */;
			proxyType = 1;
			remoteGlobalIDString = 50A98D4A1DAB71A3006DDC79;
			remoteInfo = GitDemo;
		};
		50A98D6E1DAB71A4006DDC79 /* PBXContainerItemProxy */ = {
			isa = PBXContainerItemProxy;
			containerPortal = 50A98D431DAB71A3006DDC79 /* Project object */;
			proxyType = 1;
			remoteGlobalIDString = 50A98D4A1DAB71A3006DDC79;
			remoteInfo = GitDemo;
		};
/* End PBXContainerItemProxy section */

/* Begin PBXFileReference section */
		50A98D4B1DAB71A3006DDC79 /* GitDemo.app */ = {isa = PBXFileReference; explicitFileType = wrapper.application; includeInIndex = 0; path = GitDemo.app; sourceTree = BUILT_PRODUCTS_DIR; };
		50A98D4E1DAB71A3006DDC79 /* AppDelegate.swift */ = {isa = PBXFileReference; lastKnownFileType = sourcecode.swift; path = AppDelegate.swift; sourceTree = "<group>"; };
		50A98D501DAB71A3006DDC79 /* ViewController.swift */ = {isa = PBXFileReference; lastKnownFileType = sourcecode.swift; path = ViewController.swift; sourceTree = "<group>"; };
		50A98D531DAB71A4006DDC79 /* Base */ = {isa = PBXFileReference; lastKnownFileType = file.storyboard; name = Base; path = Base.lproj/Main.storyboard; sourceTree = "<group>"; };
		50A98D561DAB71A4006DDC79 /* GitDemo.xcdatamodel */ = {isa = PBXFileReference; lastKnownFileType = wrapper.xcdatamodel; path = GitDemo.xcdatamodel; sourceTree = "<group>"; };
		50A98D581DAB71A4006DDC79 /* Assets.xcassets */ = {isa = PBXFileReference; lastKnownFileType = folder.assetcatalog; path = Assets.xcassets; sourceTree = "<group>"; };
		50A98D5B1DAB71A4006DDC79 /* Base */ = {isa = PBXFileReference; lastKnownFileType = file.storyboard; name = Base; path = Base.lproj/LaunchScreen.storyboard; sourceTree = "<group>"; };
		50A98D5D1DAB71A4006DDC79 /* Info.plist */ = {isa = PBXFileReference; lastKnownFileType = text.plist.xml; path = Info.plist; sourceTree = "<group>"; };
		50A98D621DAB71A4006DDC79 /* GitDemoTests.xctest */ = {isa = PBXFileReference; explicitFileType = wrapper.cfbundle; includeInIndex = 0; path = GitDemoTests.xctest; sourceTree = BUILT_PRODUCTS_DIR; };
		50A98D661DAB71A4006DDC79 /* GitDemoTests.swift */ = {isa = PBXFileReference; lastKnownFileType = sourcecode.swift; path = GitDemoTests.swift; sourceTree = "<group>"; };
		50A98D681DAB71A4006DDC79 /* Info.plist */ = {isa = PBXFileReference; lastKnownFileType = text.plist.xml; path = Info.plist; sourceTree = "<group>"; };
		50A98D6D1DAB71A4006DDC79 /* GitDemoUITests.xctest */ = {isa = PBXFileReference; explicitFileType = wrapper.cfbundle; includeInIndex = 0; path = GitDemoUITests.xctest; sourceTree = BUILT_PRODUCTS_DIR; };
		50A98D711DAB71A4006DDC79 /* GitDemoUITests.swift */ = {isa = PBXFileReference; lastKnownFileType = sourcecode.swift; path = GitDemoUITests.swift; sourceTree = "<group>"; };
		50A98D731DAB71A4006DDC79 /* Info.plist */ = {isa = PBXFileReference; lastKnownFileType = text.plist.xml; path = Info.plist; sourceTree = "<group>"; };
/* End PBXFileReference section */

/* Begin PBXFrameworksBuildPhase section */
		50A98D481DAB71A3006DDC79 /* Frameworks */ = {
			isa = PBXFrameworksBuildPhase;
			buildActionMask = 2147483647;
			files = (
			);
			runOnlyForDeploymentPostprocessing = 0;
		};
		50A98D5F1DAB71A4006DDC79 /* Frameworks */ = {
			isa = PBXFrameworksBuildPhase;
			buildActionMask = 2147483647;
			files = (
			);
			runOnlyForDeploymentPostprocessing = 0;
		};
		50A98D6A1DAB71A4006DDC79 /* Frameworks */ = {
			isa = PBXFrameworksBuildPhase;
			buildActionMask = 2147483647;
			files = (
			);
			runOnlyForDeploymentPostprocessing = 0;
		};
/* End PBXFrameworksBuildPhase section */

/* Begin PBXGroup section */
		50A98D421DAB71A3006DDC79 = {
			isa = PBXGroup;
			children = (
				50A98D4D1DAB71A3006DDC79 /* GitDemo */,
				50A98D651DAB71A4006DDC79 /* GitDemoTests */,
				50A98D701DAB71A4006DDC79 /* GitDemoUITests */,
				50A98D4C1DAB71A3006DDC79 /* Products */,
			);
			sourceTree = "<group>";
		};
		50A98D4C1DAB71A3006DDC79 /* Products */ = {
			isa = PBXGroup;
			children = (
				50A98D4B1DAB71A3006DDC79 /* GitDemo.app */,
				50A98D621DAB71A4006DDC79 /* GitDemoTests.xctest */,
				50A98D6D1DAB71A4006DDC79 /* GitDemoUITests.xctest */,
			);
			name = Products;
			sourceTree = "<group>";
		};
		50A98D4D1DAB71A3006DDC79 /* GitDemo */ = {
			isa = PBXGroup;
			children = (
				50A98D4E1DAB71A3006DDC79 /* AppDelegate.swift */,
				50A98D501DAB71A3006DDC79 /* ViewController.swift */,
				50A98D521DAB71A4006DDC79 /* Main.storyboard */,
				50A98D581DAB71A4006DDC79 /* Assets.xcassets */,
				50A98D5A1DAB71A4006DDC79 /* LaunchScreen.storyboard */,
				50A98D5D1DAB71A4006DDC79 /* Info.plist */,
				50A98D551DAB71A4006DDC79 /* GitDemo.xcdatamodeld */,
			);
			path = GitDemo;
			sourceTree = "<group>";
		};
		50A98D651DAB71A4006DDC79 /* GitDemoTests */ = {
			isa = PBXGroup;
			children = (
				50A98D661DAB71A4006DDC79 /* GitDemoTests.swift */,
				50A98D681DAB71A4006DDC79 /* Info.plist */,
			);
			path = GitDemoTests;
			sourceTree = "<group>";
		};
		50A98D701DAB71A4006DDC79 /* GitDemoUITests */ = {
			isa = PBXGroup;
			children = (
				50A98D711DAB71A4006DDC79 /* GitDemoUITests.swift */,
				50A98D731DAB71A4006DDC79 /* Info.plist */,
			);
			path = GitDemoUITests;
			sourceTree = "<group>";
		};
/* End PBXGroup section */

/* Begin PBXNativeTarget section */
		50A98D4A1DAB71A3006DDC79 /* GitDemo */ = {
			isa = PBXNativeTarget;
			buildConfigurationList = 50A98D761DAB71A4006DDC79 /* Build configuration list for PBXNativeTarget "GitDemo" */;
			buildPhases = (
				50A98D471DAB71A3006DDC79 /* Sources */,
				50A98D481DAB71A3006DDC79 /* Frameworks */,
				50A98D491DAB71A3006DDC79 /* Resources */,
			);
			buildRules = (
			);
			dependencies = (
			);
			name = GitDemo;
			productName = GitDemo;
			productReference = 50A98D4B1DAB71A3006DDC79 /* GitDemo.app */;
			productType = "com.apple.product-type.application";
		};
		50A98D611DAB71A4006DDC79 /* GitDemoTests */ = {
			isa = PBXNativeTarget;
			buildConfigurationList = 50A98D791DAB71A4006DDC79 /* Build configuration list for PBXNativeTarget "GitDemoTests" */;
			buildPhases = (
				50A98D5E1DAB71A4006DDC79 /* Sources */,
				50A98D5F1DAB71A4006DDC79 /* Frameworks */,
				50A98D601DAB71A4006DDC79 /* Resources */,
			);
			buildRules = (
			);
			dependencies = (
				50A98D641DAB71A4006DDC79 /* PBXTargetDependency */,
			);
			name = GitDemoTests;
			productName = GitDemoTests;
			productReference = 50A98D621DAB71A4006DDC79 /* GitDemoTests.xctest */;
			productType = "com.apple.product-type.bundle.unit-test";
		};
		50A98D6C1DAB71A4006DDC79 /* GitDemoUITests */ = {
			isa = PBXNativeTarget;
			buildConfigurationList = 50A98D7C1DAB71A4006DDC79 /* Build configuration list for PBXNativeTarget "GitDemoUITests" */;
			buildPhases = (
				50A98D691DAB71A4006DDC79 /* Sources */,
				50A98D6A1DAB71A4006DDC79 /* Frameworks */,
				50A98D6B1DAB71A4006DDC79 /* Resources */,
			);
			buildRules = (
			);
			dependencies = (
				50A98D6F1DAB71A4006DDC79 /* PBXTargetDependency */,
			);
			name = GitDemoUITests;
			productName = GitDemoUITests;
			productReference = 50A98D6D1DAB71A4006DDC79 /* GitDemoUITests.xctest */;
			productType = "com.apple.product-type.bundle.ui-testing";
		};
/* End PBXNativeTarget section */

/* Begin PBXProject section */
		50A98D431DAB71A3006DDC79 /* Project object */ = {
			isa = PBXProject;
			attributes = {
				LastSwiftUpdateCheck = 0730;
				LastUpgradeCheck = 0730;
				ORGANIZATIONNAME = Kaelkong;
				TargetAttributes = {
					50A98D4A1DAB71A3006DDC79 = {
						CreatedOnToolsVersion = 7.3.1;
						DevelopmentTeam = 75LPK879T2;
					};
					50A98D611DAB71A4006DDC79 = {
						CreatedOnToolsVersion = 7.3.1;
						DevelopmentTeam = 75LPK879T2;
						TestTargetID = 50A98D4A1DAB71A3006DDC79;
					};
					50A98D6C1DAB71A4006DDC79 = {
						CreatedOnToolsVersion = 7.3.1;
						DevelopmentTeam = 75LPK879T2;
						TestTargetID = 50A98D4A1DAB71A3006DDC79;
					};
				};
			};
			buildConfigurationList = 50A98D461DAB71A3006DDC79 /* Build configuration list for PBXProject "GitDemo" */;
			compatibilityVersion = "Xcode 3.2";
			developmentRegion = English;
			hasScannedForEncodings = 0;
			knownRegions = (
				en,
				Base,
			);
			mainGroup = 50A98D421DAB71A3006DDC79;
			productRefGroup = 50A98D4C1DAB71A3006DDC79 /* Products */;
			projectDirPath = "";
			projectRoot = "";
			targets = (
				50A98D4A1DAB71A3006DDC79 /* GitDemo */,
				50A98D611DAB71A4006DDC79 /* GitDemoTests */,
				50A98D6C1DAB71A4006DDC79 /* GitDemoUITests */,
			);
		};
/* End PBXProject section */

/* Begin PBXResourcesBuildPhase section */
		50A98D491DAB71A3006DDC79 /* Resources */ = {
			isa = PBXResourcesBuildPhase;
			buildActionMask = 2147483647;
			files = (
				50A98D5C1DAB71A4006DDC79 /* LaunchScreen.storyboard in Resources */,
				50A98D591DAB71A4006DDC79 /* Assets.xcassets in Resources */,
				50A98D541DAB71A4006DDC79 /* Main.storyboard in Resources */,
			);
			runOnlyForDeploymentPostprocessing = 0;
		};
		50A98D601DAB71A4006DDC79 /* Resources */ = {
			isa = PBXResourcesBuildPhase;
			buildActionMask = 2147483647;
			files = (
			);
			runOnlyForDeploymentPostprocessing = 0;
		};
		50A98D6B1DAB71A4006DDC79 /* Resources */ = {
			isa = PBXResourcesBuildPhase;
			buildActionMask = 2147483647;
			files = (
			);
			runOnlyForDeploymentPostprocessing = 0;
		};
/* End PBXResourcesBuildPhase section */

/* Begin PBXSourcesBuildPhase section */
		50A98D471DAB71A3006DDC79 /* Sources */ = {
			isa = PBXSourcesBuildPhase;
			buildActionMask = 2147483647;
			files = (
				50A98D511DAB71A3006DDC79 /* ViewController.swift in Sources */,
				50A98D571DAB71A4006DDC79 /* GitDemo.xcdatamodeld in Sources */,
				50A98D4F1DAB71A3006DDC79 /* AppDelegate.swift in Sources */,
			);
			runOnlyForDeploymentPostprocessing = 0;
		};
		50A98D5E1DAB71A4006DDC79 /* Sources */ = {
			isa = PBXSourcesBuildPhase;
			buildActionMask = 2147483647;
			files = (
				50A98D671DAB71A4006DDC79 /* GitDemoTests.swift in Sources */,
			);
			runOnlyForDeploymentPostprocessing = 0;
		};
		50A98D691DAB71A4006DDC79 /* Sources */ = {
			isa = PBXSourcesBuildPhase;
			buildActionMask = 2147483647;
			files = (
				50A98D721DAB71A4006DDC79 /* GitDemoUITests.swift in Sources */,
			);
			runOnlyForDeploymentPostprocessing = 0;
		};
/* End PBXSourcesBuildPhase section */

/* Begin PBXTargetDependency section */
		50A98D641DAB71A4006DDC79 /* PBXTargetDependency */ = {
			isa = PBXTargetDependency;
			target = 50A98D4A1DAB71A3006DDC79 /* GitDemo */;
			targetProxy = 50A98D631DAB71A4006DDC79 /* PBXContainerItemProxy */;
		};
		50A98D6F1DAB71A4006DDC79 /* PBXTargetDependency */ = {
			isa = PBXTargetDependency;
			target = 50A98D4A1DAB71A3006DDC79 /* GitDemo */;
			targetProxy = 50A98D6E1DAB71A4006DDC79 /* PBXContainerItemProxy */;
		};
/* End PBXTargetDependency section */

/* Begin PBXVariantGroup section */
		50A98D521DAB71A4006DDC79 /* Main.storyboard */ = {
			isa = PBXVariantGroup;
			children = (
				50A98D531DAB71A4006DDC79 /* Base */,
			);
			name = Main.storyboard;
			sourceTree = "<group>";
		};
		50A98D5A1DAB71A4006DDC79 /* LaunchScreen.storyboard */ = {
			isa = PBXVariantGroup;
			children = (
				50A98D5B1DAB71A4006DDC79 /* Base */,
			);
			name = LaunchScreen.storyboard;
			sourceTree = "<group>";
		};
/* End PBXVariantGroup section */

/* Begin XCBuildConfiguration section */
		50A98D741DAB71A4006DDC79 /* Debug */ = {
			isa = XCBuildConfiguration;
			buildSettings = {
				ALWAYS_SEARCH_USER_PATHS = NO;
				CLANG_ANALYZER_NONNULL = YES;
				CLANG_CXX_LANGUAGE_STANDARD = "gnu++0x";
				CLANG_CXX_LIBRARY = "libc++";
				CLANG_ENABLE_MODULES = YES;
				CLANG_ENABLE_OBJC_ARC = YES;
				CLANG_WARN_BOOL_CONVERSION = YES;
				CLANG_WARN_CONSTANT_CONVERSION = YES;
				CLANG_WARN_DIRECT_OBJC_ISA_USAGE = YES_ERROR;
				CLANG_WARN_EMPTY_BODY = YES;
				CLANG_WARN_ENUM_CONVERSION = YES;
				CLANG_WARN_INT_CONVERSION = YES;
				CLANG_WARN_OBJC_ROOT_CLASS = YES_ERROR;
				CLANG_WARN_UNREACHABLE_CODE = YES;
				CLANG_WARN__DUPLICATE_METHOD_MATCH = YES;
				"CODE_SIGN_IDENTITY[sdk=iphoneos*]" = "iPhone Developer";
				COPY_PHASE_STRIP = NO;
				DEBUG_INFORMATION_FORMAT = dwarf;
				ENABLE_STRICT_OBJC_MSGSEND = YES;
				ENABLE_TESTABILITY = YES;
				GCC_C_LANGUAGE_STANDARD = gnu99;
				GCC_DYNAMIC_NO_PIC = NO;
				GCC_NO_COMMON_BLOCKS = YES;
				GCC_OPTIMIZATION_LEVEL = 0;
				GCC_PREPROCESSOR_DEFINITIONS = (
					"DEBUG=1",
					"$(inherited)",
				);
				GCC_WARN_64_TO_32_BIT_CONVERSION = YES;
				GCC_WARN_ABOUT_RETURN_TYPE = YES_ERROR;
				GCC_WARN_UNDECLARED_SELECTOR = YES;
				GCC_WARN_UNINITIALIZED_AUTOS = YES_AGGRESSIVE;
				GCC_WARN_UNUSED_FUNCTION = YES;
				GCC_WARN_UNUSED_VARIABLE = YES;
				IPHONEOS_DEPLOYMENT_TARGET = 9.3;
				MTL_ENABLE_DEBUG_INFO = YES;
				ONLY_ACTIVE_ARCH = YES;
				SDKROOT = iphoneos;
				SWIFT_OPTIMIZATION_LEVEL = "-Onone";
				TARGETED_DEVICE_FAMILY = "1,2";
			};
			name = Debug;
		};
		50A98D751DAB71A4006DDC79 /* Release */ = {
			isa = XCBuildConfiguration;
			buildSettings = {
				ALWAYS_SEARCH_USER_PATHS = NO;
				CLANG_ANALYZER_NONNULL = YES;
				CLANG_CXX_LANGUAGE_STANDARD = "gnu++0x";
				CLANG_CXX_LIBRARY = "libc++";
				CLANG_ENABLE_MODULES = YES;
				CLANG_ENABLE_OBJC_ARC = YES;
				CLANG_WARN_BOOL_CONVERSION = YES;
				CLANG_WARN_CONSTANT_CONVERSION = YES;
				CLANG_WARN_DIRECT_OBJC_ISA_USAGE = YES_ERROR;
				CLANG_WARN_EMPTY_BODY = YES;
				CLANG_WARN_ENUM_CONVERSION = YES;
				CLANG_WARN_INT_CONVERSION = YES;
				CLANG_WARN_OBJC_ROOT_CLASS = YES_ERROR;
				CLANG_WARN_UNREACHABLE_CODE = YES;
				CLANG_WARN__DUPLICATE_METHOD_MATCH = YES;
				"CODE_SIGN_IDENTITY[sdk=iphoneos*]" = "iPhone Developer";
				COPY_PHASE_STRIP = NO;
				DEBUG_INFORMATION_FORMAT = "dwarf-with-dsym";
				ENABLE_NS_ASSERTIONS = NO;
				ENABLE_STRICT_OBJC_MSGSEND = YES;
				GCC_C_LANGUAGE_STANDARD = gnu99;
				GCC_NO_COMMON_BLOCKS = YES;
				GCC_WARN_64_TO_32_BIT_CONVERSION = YES;
				GCC_WARN_ABOUT_RETURN_TYPE = YES_ERROR;
				GCC_WARN_UNDECLARED_SELECTOR = YES;
				GCC_WARN_UNINITIALIZED_AUTOS = YES_AGGRESSIVE;
				GCC_WARN_UNUSED_FUNCTION = YES;
				GCC_WARN_UNUSED_VARIABLE = YES;
				IPHONEOS_DEPLOYMENT_TARGET = 9.3;
				MTL_ENABLE_DEBUG_INFO = NO;
				SDKROOT = iphoneos;
				TARGETED_DEVICE_FAMILY = "1,2";
				VALIDATE_PRODUCT = YES;
			};
			name = Release;
		};
		50A98D771DAB71A4006DDC79 /* Debug */ = {
			isa = XCBuildConfiguration;
			buildSettings = {
				ASSETCATALOG_COMPILER_APPICON_NAME = AppIcon;
				INFOPLIST_FILE = GitDemo/Info.plist;
				LD_RUNPATH_SEARCH_PATHS = "$(inherited) @executable_path/Frameworks";
				PRODUCT_BUNDLE_IDENTIFIER = "-01.GitDemo";
				PRODUCT_NAME = "$(TARGET_NAME)";
			};
			name = Debug;
		};
		50A98D781DAB71A4006DDC79 /* Release */ = {
			isa = XCBuildConfiguration;
			buildSettings = {
				ASSETCATALOG_COMPILER_APPICON_NAME = AppIcon;
				INFOPLIST_FILE = GitDemo/Info.plist;
				LD_RUNPATH_SEARCH_PATHS = "$(inherited) @executable_path/Frameworks";
				PRODUCT_BUNDLE_IDENTIFIER = "-01.GitDemo";
				PRODUCT_NAME = "$(TARGET_NAME)";
			};
			name = Release;
		};
		50A98D7A1DAB71A4006DDC79 /* Debug */ = {
			isa = XCBuildConfiguration;
			buildSettings = {
				BUNDLE_LOADER = "$(TEST_HOST)";
				INFOPLIST_FILE = GitDemoTests/Info.plist;
				LD_RUNPATH_SEARCH_PATHS = "$(inherited) @executable_path/Frameworks @loader_path/Frameworks";
				PRODUCT_BUNDLE_IDENTIFIER = "-01.GitDemoTests";
				PRODUCT_NAME = "$(TARGET_NAME)";
				TEST_HOST = "$(BUILT_PRODUCTS_DIR)/GitDemo.app/GitDemo";
			};
			name = Debug;
		};
		50A98D7B1DAB71A4006DDC79 /* Release */ = {
			isa = XCBuildConfiguration;
			buildSettings = {
				BUNDLE_LOADER = "$(TEST_HOST)";
				INFOPLIST_FILE = GitDemoTests/Info.plist;
				LD_RUNPATH_SEARCH_PATHS = "$(inherited) @executable_path/Frameworks @loader_path/Frameworks";
				PRODUCT_BUNDLE_IDENTIFIER = "-01.GitDemoTests";
				PRODUCT_NAME = "$(TARGET_NAME)";
				TEST_HOST = "$(BUILT_PRODUCTS_DIR)/GitDemo.app/GitDemo";
			};
			name = Release;
		};
		50A98D7D1DAB71A4006DDC79 /* Debug */ = {
			isa = XCBuildConfiguration;
			buildSettings = {
				INFOPLIST_FILE = GitDemoUITests/Info.plist;
				LD_RUNPATH_SEARCH_PATHS = "$(inherited) @executable_path/Frameworks @loader_path/Frameworks";
				PRODUCT_BUNDLE_IDENTIFIER = "-01.GitDemoUITests";
				PRODUCT_NAME = "$(TARGET_NAME)";
				TEST_TARGET_NAME = GitDemo;
			};
			name = Debug;
		};
		50A98D7E1DAB71A4006DDC79 /* Release */ = {
			isa = XCBuildConfiguration;
			buildSettings = {
				INFOPLIST_FILE = GitDemoUITests/Info.plist;
				LD_RUNPATH_SEARCH_PATHS = "$(inherited) @executable_path/Frameworks @loader_path/Frameworks";
				PRODUCT_BUNDLE_IDENTIFIER = "-01.GitDemoUITests";
				PRODUCT_NAME = "$(TARGET_NAME)";
				TEST_TARGET_NAME = GitDemo;
			};
			name = Release;
		};
/* End XCBuildConfiguration section */

/* Begin XCConfigurationList section */
		50A98D461DAB71A3006DDC79 /* Build configuration list for PBXProject "GitDemo" */ = {
			isa = XCConfigurationList;
			buildConfigurations = (
				50A98D741DAB71A4006DDC79 /* Debug */,
				50A98D751DAB71A4006DDC79 /* Release */,
			);
			defaultConfigurationIsVisible = 0;
			defaultConfigurationName = Release;
		};
		50A98D761DAB71A4006DDC79 /* Build configuration list for PBXNativeTarget "GitDemo" */ = {
			isa = XCConfigurationList;
			buildConfigurations = (
				50A98D771DAB71A4006DDC79 /* Debug */,
				50A98D781DAB71A4006DDC79 /* Release */,
			);
			defaultConfigurationIsVisible = 0;
		};
		50A98D791DAB71A4006DDC79 /* Build configuration list for PBXNativeTarget "GitDemoTests" */ = {
			isa = XCConfigurationList;
			buildConfigurations = (
				50A98D7A1DAB71A4006DDC79 /* Debug */,
				50A98D7B1DAB71A4006DDC79 /* Release */,
			);
			defaultConfigurationIsVisible = 0;
		};
		50A98D7C1DAB71A4006DDC79 /* Build configuration list for PBXNativeTarget "GitDemoUITests" */ = {
			isa = XCConfigurationList;
			buildConfigurations = (
				50A98D7D1DAB71A4006DDC79 /* Debug */,
				50A98D7E1DAB71A4006DDC79 /* Release */,
			);
			defaultConfigurationIsVisible = 0;
		};
/* End XCConfigurationList section */

/* Begin XCVersionGroup section */
		50A98D551DAB71A4006DDC79 /* GitDemo.xcdatamodeld */ = {
			isa = XCVersionGroup;
			children = (
				50A98D561DAB71A4006DDC79 /* GitDemo.xcdatamodel */,
			);
			currentVersion = 50A98D561DAB71A4006DDC79 /* GitDemo.xcdatamodel */;
			path = GitDemo.xcdatamodeld;
			sourceTree = "<group>";
			versionGroupType = wrapper.xcdatamodel;
		};
/* End XCVersionGroup section */
	};
	rootObject = 50A98D431DAB71A3006DDC79 /* Project object */;
}
